
Microsoft Visual Studio Solution File, Format Version 12.00
# Visual Studio Version 17
VisualStudioVersion = 17.4.33213.308
MinimumVisualStudioVersion = 10.0.40219.1
Project("{FAE04EC0-301F-11D3-BF4B-00C04F79EFBC}") = "QuizArrays.Logic", "QuizArrays.Logic\QuizArrays.Logic.csproj", "{4A7410C9-661D-4800-8BC4-49B48DFBF24A}"
EndProject
Project("{FAE04EC0-301F-11D3-BF4B-00C04F79EFBC}") = "QuizArrays.UI", "QuizArrays.UI\QuizArrays.UI.csproj", "{44AA34DC-4996-4B11-9919-69A7A2473134}"
EndProject
Global
	GlobalSection(SolutionConfigurationPlatforms) = preSolution
		Debug|Any CPU = Debug|Any CPU
		Release|Any CPU = Release|Any CPU
	EndGlobalSection
	GlobalSection(ProjectConfigurationPlatforms) = postSolution
		{4A7410C9-661D-4800-8BC4-49B48DFBF24A}.Debug|Any CPU.ActiveCfg = Debug|Any CPU
		{4A7410C9-661D-4800-8BC4-49B48DFBF24A}.Debug|Any CPU.Build.0 = Debug|Any CPU
		{4A7410C9-661D-4800-8BC4-49B48DFBF24A}.Release|Any CPU.ActiveCfg = Release|Any CPU
		{4A7410C9-661D-4800-8BC4-49B48DFBF24A}.Release|Any CPU.Build.0 = Release|Any CPU
		{44AA34DC-4996-4B11-9919-69A7A2473134}.Debug|Any CPU.ActiveCfg = Debug|Any CPU
		{44AA34DC-4996-4B11-9919-69A7A2473134}.Debug|Any CPU.Build.0 = Debug|Any CPU
		{44AA34DC-4996-4B11-9919-69A7A2473134}.Release|Any CPU.ActiveCfg = Release|Any CPU
		{44AA34DC-4996-4B11-9919-69A7A2473134}.Release|Any CPU.Build.0 = Release|Any CPU
	EndGlobalSection
	GlobalSection(SolutionProperties) = preSolution
		HideSolutionNode = FALSE
	EndGlobalSection
	GlobalSection(ExtensibilityGlobals) = postSolution
		SolutionGuid = {935A1874-E77E-401F-BA64-18E8B39864B6}
	EndGlobalSection
EndGlobal
